
Microsoft Visual Studio Solution File, Format Version 12.00
# Visual Studio Version 17
VisualStudioVersion = 17.12.35514.174
MinimumVisualStudioVersion = 10.0.40219.1
Project("{FAE04EC0-301F-11D3-BF4B-00C04F79EFBC}") = "Car Rental", "Car Rental\Car Rental.csproj", "{01B6380A-2063-4753-B057-A3D3CADA470D}"
EndProject
Global
	GlobalSection(SolutionConfigurationPlatforms) = preSolution
		Debug|Any CPU = Debug|Any CPU
		Release|Any CPU = Release|Any CPU
	EndGlobalSection
	GlobalSection(ProjectConfigurationPlatforms) = postSolution
		{01B6380A-2063-4753-B057-A3D3CADA470D}.Debug|Any CPU.ActiveCfg = Debug|Any CPU
		{01B6380A-2063-4753-B057-A3D3CADA470D}.Debug|Any CPU.Build.0 = Debug|Any CPU
		{01B6380A-2063-4753-B057-A3D3CADA470D}.Release|Any CPU.ActiveCfg = Release|Any CPU
		{01B6380A-2063-4753-B057-A3D3CADA470D}.Release|Any CPU.Build.0 = Release|Any CPU
	EndGlobalSection
	GlobalSection(SolutionProperties) = preSolution
		HideSolutionNode = FALSE
	EndGlobalSection
EndGlobal
